
Microsoft Visual Studio Solution File, Format Version 12.00
# Visual Studio 15
VisualStudioVersion = 15.0.27130.2036
MinimumVisualStudioVersion = 10.0.40219.1
Project("{00D1A9C2-B5F0-4AF3-8072-F6C62B433612}") = "MyAspNetAppDB", "MyAspNetAppDB\MyAspNetAppDB.sqlproj", "{302124C1-3FCD-4138-8E67-708CF4948A79}"
EndProject
Global
	GlobalSection(SolutionConfigurationPlatforms) = preSolution
		Debug|Any CPU = Debug|Any CPU
		Release|Any CPU = Release|Any CPU
	EndGlobalSection
	GlobalSection(ProjectConfigurationPlatforms) = postSolution
		{302124C1-3FCD-4138-8E67-708CF4948A79}.Debug|Any CPU.ActiveCfg = Debug|Any CPU
		{302124C1-3FCD-4138-8E67-708CF4948A79}.Debug|Any CPU.Build.0 = Debug|Any CPU
		{302124C1-3FCD-4138-8E67-708CF4948A79}.Debug|Any CPU.Deploy.0 = Debug|Any CPU
		{302124C1-3FCD-4138-8E67-708CF4948A79}.Release|Any CPU.ActiveCfg = Release|Any CPU
		{302124C1-3FCD-4138-8E67-708CF4948A79}.Release|Any CPU.Build.0 = Release|Any CPU
		{302124C1-3FCD-4138-8E67-708CF4948A79}.Release|Any CPU.Deploy.0 = Release|Any CPU
	EndGlobalSection
	GlobalSection(SolutionProperties) = preSolution
		HideSolutionNode = FALSE
	EndGlobalSection
	GlobalSection(ExtensibilityGlobals) = postSolution
		SolutionGuid = {23EA0D5C-CDAB-4D2E-A508-A398CFBF1149}
	EndGlobalSection
EndGlobal
